// !$*UTF8*$!
{
	archiveVersion = 1;
	classes = {
	};
	objectVersion = 55;
	objects = {

/* Begin PBXBuildFile section */
		411BC5DA283CE3E20096F205 /* Tests_iOS.swift in Sources */ = {isa = PBXBuildFile; fileRef = 411BC5D9283CE3E20096F205 /* Tests_iOS.swift */; };
		411BC5DC283CE3E20096F205 /* Tests_iOSLaunchTests.swift in Sources */ = {isa = PBXBuildFile; fileRef = 411BC5DB283CE3E20096F205 /* Tests_iOSLaunchTests.swift */; };
		411BC5E6283CE3E20096F205 /* Tests_macOS.swift in Sources */ = {isa = PBXBuildFile; fileRef = 411BC5E5283CE3E20096F205 /* Tests_macOS.swift */; };
		411BC5E8283CE3E20096F205 /* Tests_macOSLaunchTests.swift in Sources */ = {isa = PBXBuildFile; fileRef = 411BC5E7283CE3E20096F205 /* Tests_macOSLaunchTests.swift */; };
		411BC5E9283CE3E20096F205 /* WordScrambleApp.swift in Sources */ = {isa = PBXBuildFile; fileRef = 411BC5C1283CE3DF0096F205 /* WordScrambleApp.swift */; };
		411BC5EA283CE3E20096F205 /* WordScrambleApp.swift in Sources */ = {isa = PBXBuildFile; fileRef = 411BC5C1283CE3DF0096F205 /* WordScrambleApp.swift */; };
		411BC5EB283CE3E20096F205 /* ContentView.swift in Sources */ = {isa = PBXBuildFile; fileRef = 411BC5C2283CE3DF0096F205 /* ContentView.swift */; };
		411BC5EC283CE3E20096F205 /* ContentView.swift in Sources */ = {isa = PBXBuildFile; fileRef = 411BC5C2283CE3DF0096F205 /* ContentView.swift */; };
		411BC5ED283CE3E20096F205 /* Assets.xcassets in Resources */ = {isa = PBXBuildFile; fileRef = 411BC5C3283CE3E10096F205 /* Assets.xcassets */; };
		411BC5EE283CE3E20096F205 /* Assets.xcassets in Resources */ = {isa = PBXBuildFile; fileRef = 411BC5C3283CE3E10096F205 /* Assets.xcassets */; };
		411BC5FE283E33B90096F205 /* start.txt in Resources */ = {isa = PBXBuildFile; fileRef = 411BC5FD283E33B90096F205 /* start.txt */; };
		411BC5FF283E33B90096F205 /* start.txt in Resources */ = {isa = PBXBuildFile; fileRef = 411BC5FD283E33B90096F205 /* start.txt */; };
/* End PBXBuildFile section */

/* Begin PBXContainerItemProxy section */
		411BC5D6283CE3E20096F205 /* PBXContainerItemProxy */ = {
			isa = PBXContainerItemProxy;
			containerPortal = 411BC5BC283CE3DF0096F205 /* Project object */;
			proxyType = 1;
			remoteGlobalIDString = 411BC5C7283CE3E10096F205;
			remoteInfo = "WordScramble (iOS)";
		};
		411BC5E2283CE3E20096F205 /* PBXContainerItemProxy */ = {
			isa = PBXContainerItemProxy;
			containerPortal = 411BC5BC283CE3DF0096F205 /* Project object */;
			proxyType = 1;
			remoteGlobalIDString = 411BC5CD283CE3E10096F205;
			remoteInfo = "WordScramble (macOS)";
		};
/* End PBXContainerItemProxy section */

/* Begin PBXFileReference section */
		411BC5C1283CE3DF0096F205 /* WordScrambleApp.swift */ = {isa = PBXFileReference; lastKnownFileType = sourcecode.swift; path = WordScrambleApp.swift; sourceTree = "<group>"; };
		411BC5C2283CE3DF0096F205 /* ContentView.swift */ = {isa = PBXFileReference; lastKnownFileType = sourcecode.swift; path = ContentView.swift; sourceTree = "<group>"; };
		411BC5C3283CE3E10096F205 /* Assets.xcassets */ = {isa = PBXFileReference; lastKnownFileType = folder.assetcatalog; path = Assets.xcassets; sourceTree = "<group>"; };
		411BC5C8283CE3E10096F205 /* WordScramble.app */ = {isa = PBXFileReference; explicitFileType = wrapper.application; includeInIndex = 0; path = WordScramble.app; sourceTree = BUILT_PRODUCTS_DIR; };
		411BC5CE283CE3E10096F205 /* WordScramble.app */ = {isa = PBXFileReference; explicitFileType = wrapper.application; includeInIndex = 0; path = WordScramble.app; sourceTree = BUILT_PRODUCTS_DIR; };
		411BC5D0283CE3E10096F205 /* macOS.entitlements */ = {isa = PBXFileReference; lastKnownFileType = text.plist.entitlements; path = macOS.entitlements; sourceTree = "<group>"; };
		411BC5D5283CE3E20096F205 /* Tests iOS.xctest */ = {isa = PBXFileReference; explicitFileType = wrapper.cfbundle; includeInIndex = 0; path = "Tests iOS.xctest"; sourceTree = BUILT_PRODUCTS_DIR; };
		411BC5D9283CE3E20096F205 /* Tests_iOS.swift */ = {isa = PBXFileReference; lastKnownFileType = sourcecode.swift; path = Tests_iOS.swift; sourceTree = "<group>"; };
		411BC5DB283CE3E20096F205 /* Tests_iOSLaunchTests.swift */ = {isa = PBXFileReference; lastKnownFileType = sourcecode.swift; path = Tests_iOSLaunchTests.swift; sourceTree = "<group>"; };
		411BC5E1283CE3E20096F205 /* Tests macOS.xctest */ = {isa = PBXFileReference; explicitFileType = wrapper.cfbundle; includeInIndex = 0; path = "Tests macOS.xctest"; sourceTree = BUILT_PRODUCTS_DIR; };
		411BC5E5283CE3E20096F205 /* Tests_macOS.swift */ = {isa = PBXFileReference; lastKnownFileType = sourcecode.swift; path = Tests_macOS.swift; sourceTree = "<group>"; };
		411BC5E7283CE3E20096F205 /* Tests_macOSLaunchTests.swift */ = {isa = PBXFileReference; lastKnownFileType = sourcecode.swift; path = Tests_macOSLaunchTests.swift; sourceTree = "<group>"; };
		411BC5FD283E33B90096F205 /* start.txt */ = {isa = PBXFileReference; fileEncoding = 4; lastKnownFileType = text; path = start.txt; sourceTree = "<group>"; };
		41AE72CC283F737400A5B528 /* README.md */ = {isa = PBXFileReference; lastKnownFileType = net.daringfireball.markdown; path = README.md; sourceTree = "<group>"; };
/* End PBXFileReference section */

/* Begin PBXFrameworksBuildPhase section */
		411BC5C5283CE3E10096F205 /* Frameworks */ = {
			isa = PBXFrameworksBuildPhase;
			buildActionMask = 2147483647;
			files = (
			);
			runOnlyForDeploymentPostprocessing = 0;
		};
		411BC5CB283CE3E10096F205 /* Frameworks */ = {
			isa = PBXFrameworksBuildPhase;
			buildActionMask = 2147483647;
			files = (
			);
			runOnlyForDeploymentPostprocessing = 0;
		};
		411BC5D2283CE3E20096F205 /* Frameworks */ = {
			isa = PBXFrameworksBuildPhase;
			buildActionMask = 2147483647;
			files = (
			);
			runOnlyForDeploymentPostprocessing = 0;
		};
		411BC5DE283CE3E20096F205 /* Frameworks */ = {
			isa = PBXFrameworksBuildPhase;
			buildActionMask = 2147483647;
			files = (
			);
			runOnlyForDeploymentPostprocessing = 0;
		};
/* End PBXFrameworksBuildPhase section */

/* Begin PBXGroup section */
		411BC5BB283CE3DF0096F205 = {
			isa = PBXGroup;
			children = (
				411BC5C0283CE3DF0096F205 /* Shared */,
				411BC5CF283CE3E10096F205 /* macOS */,
				411BC5D8283CE3E20096F205 /* Tests iOS */,
				411BC5E4283CE3E20096F205 /* Tests macOS */,
				411BC5C9283CE3E10096F205 /* Products */,
			);
			sourceTree = "<group>";
		};
		411BC5C0283CE3DF0096F205 /* Shared */ = {
			isa = PBXGroup;
			children = (
				411BC5C1283CE3DF0096F205 /* WordScrambleApp.swift */,
				411BC5C2283CE3DF0096F205 /* ContentView.swift */,
				41AE72CC283F737400A5B528 /* README.md */,
				411BC5FD283E33B90096F205 /* start.txt */,
				411BC5C3283CE3E10096F205 /* Assets.xcassets */,
			);
			path = Shared;
			sourceTree = "<group>";
		};
		411BC5C9283CE3E10096F205 /* Products */ = {
			isa = PBXGroup;
			children = (
				411BC5C8283CE3E10096F205 /* WordScramble.app */,
				411BC5CE283CE3E10096F205 /* WordScramble.app */,
				411BC5D5283CE3E20096F205 /* Tests iOS.xctest */,
				411BC5E1283CE3E20096F205 /* Tests macOS.xctest */,
			);
			name = Products;
			sourceTree = "<group>";
		};
		411BC5CF283CE3E10096F205 /* macOS */ = {
			isa = PBXGroup;
			children = (
				411BC5D0283CE3E10096F205 /* macOS.entitlements */,
			);
			path = macOS;
			sourceTree = "<group>";
		};
		411BC5D8283CE3E20096F205 /* Tests iOS */ = {
			isa = PBXGroup;
			children = (
				411BC5D9283CE3E20096F205 /* Tests_iOS.swift */,
				411BC5DB283CE3E20096F205 /* Tests_iOSLaunchTests.swift */,
			);
			path = "Tests iOS";
			sourceTree = "<group>";
		};
		411BC5E4283CE3E20096F205 /* Tests macOS */ = {
			isa = PBXGroup;
			children = (
				411BC5E5283CE3E20096F205 /* Tests_macOS.swift */,
				411BC5E7283CE3E20096F205 /* Tests_macOSLaunchTests.swift */,
			);
			path = "Tests macOS";
			sourceTree = "<group>";
		};
/* End PBXGroup section */

/* Begin PBXNativeTarget section */
		411BC5C7283CE3E10096F205 /* WordScramble (iOS) */ = {
			isa = PBXNativeTarget;
			buildConfigurationList = 411BC5F1283CE3E20096F205 /* Build configuration list for PBXNativeTarget "WordScramble (iOS)" */;
			buildPhases = (
				411BC5C4283CE3E10096F205 /* Sources */,
				411BC5C5283CE3E10096F205 /* Frameworks */,
				411BC5C6283CE3E10096F205 /* Resources */,
			);
			buildRules = (
			);
			dependencies = (
			);
			name = "WordScramble (iOS)";
			productName = "WordScramble (iOS)";
			productReference = 411BC5C8283CE3E10096F205 /* WordScramble.app */;
			productType = "com.apple.product-type.application";
		};
		411BC5CD283CE3E10096F205 /* WordScramble (macOS) */ = {
			isa = PBXNativeTarget;
			buildConfigurationList = 411BC5F4283CE3E20096F205 /* Build configuration list for PBXNativeTarget "WordScramble (macOS)" */;
			buildPhases = (
				411BC5CA283CE3E10096F205 /* Sources */,
				411BC5CB283CE3E10096F205 /* Frameworks */,
				411BC5CC283CE3E10096F205 /* Resources */,
			);
			buildRules = (
			);
			dependencies = (
			);
			name = "WordScramble (macOS)";
			productName = "WordScramble (macOS)";
			productReference = 411BC5CE283CE3E10096F205 /* WordScramble.app */;
			productType = "com.apple.product-type.application";
		};
		411BC5D4283CE3E20096F205 /* Tests iOS */ = {
			isa = PBXNativeTarget;
			buildConfigurationList = 411BC5F7283CE3E20096F205 /* Build configuration list for PBXNativeTarget "Tests iOS" */;
			buildPhases = (
				411BC5D1283CE3E20096F205 /* Sources */,
				411BC5D2283CE3E20096F205 /* Frameworks */,
				411BC5D3283CE3E20096F205 /* Resources */,
			);
			buildRules = (
			);
			dependencies = (
				411BC5D7283CE3E20096F205 /* PBXTargetDependency */,
			);
			name = "Tests iOS";
			productName = "Tests iOS";
			productReference = 411BC5D5283CE3E20096F205 /* Tests iOS.xctest */;
			productType = "com.apple.product-type.bundle.ui-testing";
		};
		411BC5E0283CE3E20096F205 /* Tests macOS */ = {
			isa = PBXNativeTarget;
			buildConfigurationList = 411BC5FA283CE3E20096F205 /* Build configuration list for PBXNativeTarget "Tests macOS" */;
			buildPhases = (
				411BC5DD283CE3E20096F205 /* Sources */,
				411BC5DE283CE3E20096F205 /* Frameworks */,
				411BC5DF283CE3E20096F205 /* Resources */,
			);
			buildRules = (
			);
			dependencies = (
				411BC5E3283CE3E20096F205 /* PBXTargetDependency */,
			);
			name = "Tests macOS";
			productName = "Tests macOS";
			productReference = 411BC5E1283CE3E20096F205 /* Tests macOS.xctest */;
			productType = "com.apple.product-type.bundle.ui-testing";
		};
/* End PBXNativeTarget section */

/* Begin PBXProject section */
		411BC5BC283CE3DF0096F205 /* Project object */ = {
			isa = PBXProject;
			attributes = {
				BuildIndependentTargetsInParallel = 1;
				LastSwiftUpdateCheck = 1330;
				LastUpgradeCheck = 1330;
				TargetAttributes = {
					411BC5C7283CE3E10096F205 = {
						CreatedOnToolsVersion = 13.3.1;
					};
					411BC5CD283CE3E10096F205 = {
						CreatedOnToolsVersion = 13.3.1;
					};
					411BC5D4283CE3E20096F205 = {
						CreatedOnToolsVersion = 13.3.1;
						TestTargetID = 411BC5C7283CE3E10096F205;
					};
					411BC5E0283CE3E20096F205 = {
						CreatedOnToolsVersion = 13.3.1;
						TestTargetID = 411BC5CD283CE3E10096F205;
					};
				};
			};
			buildConfigurationList = 411BC5BF283CE3DF0096F205 /* Build configuration list for PBXProject "WordScramble" */;
			compatibilityVersion = "Xcode 13.0";
			developmentRegion = en;
			hasScannedForEncodings = 0;
			knownRegions = (
				en,
				Base,
			);
			mainGroup = 411BC5BB283CE3DF0096F205;
			productRefGroup = 411BC5C9283CE3E10096F205 /* Products */;
			projectDirPath = "";
			projectRoot = "";
			targets = (
				411BC5C7283CE3E10096F205 /* WordScramble (iOS) */,
				411BC5CD283CE3E10096F205 /* WordScramble (macOS) */,
				411BC5D4283CE3E20096F205 /* Tests iOS */,
				411BC5E0283CE3E20096F205 /* Tests macOS */,
			);
		};
/* End PBXProject section */

/* Begin PBXResourcesBuildPhase section */
		411BC5C6283CE3E10096F205 /* Resources */ = {
			isa = PBXResourcesBuildPhase;
			buildActionMask = 2147483647;
			files = (
				411BC5ED283CE3E20096F205 /* Assets.xcassets in Resources */,
				411BC5FE283E33B90096F205 /* start.txt in Resources */,
			);
			runOnlyForDeploymentPostprocessing = 0;
		};
		411BC5CC283CE3E10096F205 /* Resources */ = {
			isa = PBXResourcesBuildPhase;
			buildActionMask = 2147483647;
			files = (
				411BC5EE283CE3E20096F205 /* Assets.xcassets in Resources */,
				411BC5FF283E33B90096F205 /* start.txt in Resources */,
			);
			runOnlyForDeploymentPostprocessing = 0;
		};
		411BC5D3283CE3E20096F205 /* Resources */ = {
			isa = PBXResourcesBuildPhase;
			buildActionMask = 2147483647;
			files = (
			);
			runOnlyForDeploymentPostprocessing = 0;
		};
		411BC5DF283CE3E20096F205 /* Resources */ = {
			isa = PBXResourcesBuildPhase;
			buildActionMask = 2147483647;
			files = (
			);
			runOnlyForDeploymentPostprocessing = 0;
		};
/* End PBXResourcesBuildPhase section */

/* Begin PBXSourcesBuildPhase section */
		411BC5C4283CE3E10096F205 /* Sources */ = {
			isa = PBXSourcesBuildPhase;
			buildActionMask = 2147483647;
			files = (
				411BC5EB283CE3E20096F205 /* ContentView.swift in Sources */,
				411BC5E9283CE3E20096F205 /* WordScrambleApp.swift in Sources */,
			);
			runOnlyForDeploymentPostprocessing = 0;
		};
		411BC5CA283CE3E10096F205 /* Sources */ = {
			isa = PBXSourcesBuildPhase;
			buildActionMask = 2147483647;
			files = (
				411BC5EC283CE3E20096F205 /* ContentView.swift in Sources */,
				411BC5EA283CE3E20096F205 /* WordScrambleApp.swift in Sources */,
			);
			runOnlyForDeploymentPostprocessing = 0;
		};
		411BC5D1283CE3E20096F205 /* Sources */ = {
			isa = PBXSourcesBuildPhase;
			buildActionMask = 2147483647;
			files = (
				411BC5DC283CE3E20096F205 /* Tests_iOSLaunchTests.swift in Sources */,
				411BC5DA283CE3E20096F205 /* Tests_iOS.swift in Sources */,
			);
			runOnlyForDeploymentPostprocessing = 0;
		};
		411BC5DD283CE3E20096F205 /* Sources */ = {
			isa = PBXSourcesBuildPhase;
			buildActionMask = 2147483647;
			files = (
				411BC5E8283CE3E20096F205 /* Tests_macOSLaunchTests.swift in Sources */,
				411BC5E6283CE3E20096F205 /* Tests_macOS.swift in Sources */,
			);
			runOnlyForDeploymentPostprocessing = 0;
		};
/* End PBXSourcesBuildPhase section */

/* Begin PBXTargetDependency section */
		411BC5D7283CE3E20096F205 /* PBXTargetDependency */ = {
			isa = PBXTargetDependency;
			target = 411BC5C7283CE3E10096F205 /* WordScramble (iOS) */;
			targetProxy = 411BC5D6283CE3E20096F205 /* PBXContainerItemProxy */;
		};
		411BC5E3283CE3E20096F205 /* PBXTargetDependency */ = {
			isa = PBXTargetDependency;
			target = 411BC5CD283CE3E10096F205 /* WordScramble (macOS) */;
			targetProxy = 411BC5E2283CE3E20096F205 /* PBXContainerItemProxy */;
		};
/* End PBXTargetDependency section */

/* Begin XCBuildConfiguration section */
		411BC5EF283CE3E20096F205 /* Debug */ = {
			isa = XCBuildConfiguration;
			buildSettings = {
				ALWAYS_SEARCH_USER_PATHS = NO;
				CLANG_ANALYZER_NONNULL = YES;
				CLANG_ANALYZER_NUMBER_OBJECT_CONVERSION = YES_AGGRESSIVE;
				CLANG_CXX_LANGUAGE_STANDARD = "gnu++17";
				CLANG_ENABLE_MODULES = YES;
				CLANG_ENABLE_OBJC_ARC = YES;
				CLANG_ENABLE_OBJC_WEAK = YES;
				CLANG_WARN_BLOCK_CAPTURE_AUTORELEASING = YES;
				CLANG_WARN_BOOL_CONVERSION = YES;
				CLANG_WARN_COMMA = YES;
				CLANG_WARN_CONSTANT_CONVERSION = YES;
				CLANG_WARN_DEPRECATED_OBJC_IMPLEMENTATIONS = YES;
				CLANG_WARN_DIRECT_OBJC_ISA_USAGE = YES_ERROR;
				CLANG_WARN_DOCUMENTATION_COMMENTS = YES;
				CLANG_WARN_EMPTY_BODY = YES;
				CLANG_WARN_ENUM_CONVERSION = YES;
				CLANG_WARN_INFINITE_RECURSION = YES;
				CLANG_WARN_INT_CONVERSION = YES;
				CLANG_WARN_NON_LITERAL_NULL_CONVERSION = YES;
				CLANG_WARN_OBJC_IMPLICIT_RETAIN_SELF = YES;
				CLANG_WARN_OBJC_LITERAL_CONVERSION = YES;
				CLANG_WARN_OBJC_ROOT_CLASS = YES_ERROR;
				CLANG_WARN_QUOTED_INCLUDE_IN_FRAMEWORK_HEADER = YES;
				CLANG_WARN_RANGE_LOOP_ANALYSIS = YES;
				CLANG_WARN_STRICT_PROTOTYPES = YES;
				CLANG_WARN_SUSPICIOUS_MOVE = YES;
				CLANG_WARN_UNGUARDED_AVAILABILITY = YES_AGGRESSIVE;
				CLANG_WARN_UNREACHABLE_CODE = YES;
				CLANG_WARN__DUPLICATE_METHOD_MATCH = YES;
				COPY_PHASE_STRIP = NO;
				DEBUG_INFORMATION_FORMAT = dwarf;
				ENABLE_STRICT_OBJC_MSGSEND = YES;
				ENABLE_TESTABILITY = YES;
				GCC_C_LANGUAGE_STANDARD = gnu11;
				GCC_DYNAMIC_NO_PIC = NO;
				GCC_NO_COMMON_BLOCKS = YES;
				GCC_OPTIMIZATION_LEVEL = 0;
				GCC_PREPROCESSOR_DEFINITIONS = (
					"DEBUG=1",
					"$(inherited)",
				);
				GCC_WARN_64_TO_32_BIT_CONVERSION = YES;
				GCC_WARN_ABOUT_RETURN_TYPE = YES_ERROR;
				GCC_WARN_UNDECLARED_SELECTOR = YES;
				GCC_WARN_UNINITIALIZED_AUTOS = YES_AGGRESSIVE;
				GCC_WARN_UNUSED_FUNCTION = YES;
				GCC_WARN_UNUSED_VARIABLE = YES;
				MTL_ENABLE_DEBUG_INFO = INCLUDE_SOURCE;
				MTL_FAST_MATH = YES;
				ONLY_ACTIVE_ARCH = YES;
				SWIFT_ACTIVE_COMPILATION_CONDITIONS = DEBUG;
				SWIFT_OPTIMIZATION_LEVEL = "-Onone";
			};
			name = Debug;
		};
		411BC5F0283CE3E20096F205 /* Release */ = {
			isa = XCBuildConfiguration;
			buildSettings = {
				ALWAYS_SEARCH_USER_PATHS = NO;
				CLANG_ANALYZER_NONNULL = YES;
				CLANG_ANALYZER_NUMBER_OBJECT_CONVERSION = YES_AGGRESSIVE;
				CLANG_CXX_LANGUAGE_STANDARD = "gnu++17";
				CLANG_ENABLE_MODULES = YES;
				CLANG_ENABLE_OBJC_ARC = YES;
				CLANG_ENABLE_OBJC_WEAK = YES;
				CLANG_WARN_BLOCK_CAPTURE_AUTORELEASING = YES;
				CLANG_WARN_BOOL_CONVERSION = YES;
				CLANG_WARN_COMMA = YES;
				CLANG_WARN_CONSTANT_CONVERSION = YES;
				CLANG_WARN_DEPRECATED_OBJC_IMPLEMENTATIONS = YES;
				CLANG_WARN_DIRECT_OBJC_ISA_USAGE = YES_ERROR;
				CLANG_WARN_DOCUMENTATION_COMMENTS = YES;
				CLANG_WARN_EMPTY_BODY = YES;
				CLANG_WARN_ENUM_CONVERSION = YES;
				CLANG_WARN_INFINITE_RECURSION = YES;
				CLANG_WARN_INT_CONVERSION = YES;
				CLANG_WARN_NON_LITERAL_NULL_CONVERSION = YES;
				CLANG_WARN_OBJC_IMPLICIT_RETAIN_SELF = YES;
				CLANG_WARN_OBJC_LITERAL_CONVERSION = YES;
				CLANG_WARN_OBJC_ROOT_CLASS = YES_ERROR;
				CLANG_WARN_QUOTED_INCLUDE_IN_FRAMEWORK_HEADER = YES;
				CLANG_WARN_RANGE_LOOP_ANALYSIS = YES;
				CLANG_WARN_STRICT_PROTOTYPES = YES;
				CLANG_WARN_SUSPICIOUS_MOVE = YES;
				CLANG_WARN_UNGUARDED_AVAILABILITY = YES_AGGRESSIVE;
				CLANG_WARN_UNREACHABLE_CODE = YES;
				CLANG_WARN__DUPLICATE_METHOD_MATCH = YES;
				COPY_PHASE_STRIP = NO;
				DEBUG_INFORMATION_FORMAT = "dwarf-with-dsym";
				ENABLE_NS_ASSERTIONS = NO;
				ENABLE_STRICT_OBJC_MSGSEND = YES;
				GCC_C_LANGUAGE_STANDARD = gnu11;
				GCC_NO_COMMON_BLOCKS = YES;
				GCC_WARN_64_TO_32_BIT_CONVERSION = YES;
				GCC_WARN_ABOUT_RETURN_TYPE = YES_ERROR;
				GCC_WARN_UNDECLARED_SELECTOR = YES;
				GCC_WARN_UNINITIALIZED_AUTOS = YES_AGGRESSIVE;
				GCC_WARN_UNUSED_FUNCTION = YES;
				GCC_WARN_UNUSED_VARIABLE = YES;
				MTL_ENABLE_DEBUG_INFO = NO;
				MTL_FAST_MATH = YES;
				SWIFT_COMPILATION_MODE = wholemodule;
				SWIFT_OPTIMIZATION_LEVEL = "-O";
			};
			name = Release;
		};
		411BC5F2283CE3E20096F205 /* Debug */ = {
			isa = XCBuildConfiguration;
			buildSettings = {
				ASSETCATALOG_COMPILER_APPICON_NAME = AppIcon;
				ASSETCATALOG_COMPILER_GLOBAL_ACCENT_COLOR_NAME = AccentColor;
				CODE_SIGN_STYLE = Automatic;
				CURRENT_PROJECT_VERSION = 1;
				DEVELOPMENT_TEAM = K3WVRH5UCM;
				ENABLE_PREVIEWS = YES;
				GENERATE_INFOPLIST_FILE = YES;
				INFOPLIST_KEY_UIApplicationSceneManifest_Generation = YES;
				INFOPLIST_KEY_UIApplicationSupportsIndirectInputEvents = YES;
				INFOPLIST_KEY_UILaunchScreen_Generation = YES;
				INFOPLIST_KEY_UISupportedInterfaceOrientations_iPad = "UIInterfaceOrientationPortrait UIInterfaceOrientationPortraitUpsideDown UIInterfaceOrientationLandscapeLeft UIInterfaceOrientationLandscapeRight";
				INFOPLIST_KEY_UISupportedInterfaceOrientations_iPhone = "UIInterfaceOrientationPortrait UIInterfaceOrientationLandscapeLeft UIInterfaceOrientationLandscapeRight";
				IPHONEOS_DEPLOYMENT_TARGET = 15.4;
				LD_RUNPATH_SEARCH_PATHS = (
					"$(inherited)",
					"@executable_path/Frameworks",
				);
				MARKETING_VERSION = 1.0;
				PRODUCT_BUNDLE_IDENTIFIER = Tatiana.WordScramble;
				PRODUCT_NAME = WordScramble;
				SDKROOT = iphoneos;
				SWIFT_EMIT_LOC_STRINGS = YES;
				SWIFT_VERSION = 5.0;
				TARGETED_DEVICE_FAMILY = "1,2";
			};
			name = Debug;
		};
		411BC5F3283CE3E20096F205 /* Release */ = {
			isa = XCBuildConfiguration;
			buildSettings = {
				ASSETCATALOG_COMPILER_APPICON_NAME = AppIcon;
				ASSETCATALOG_COMPILER_GLOBAL_ACCENT_COLOR_NAME = AccentColor;
				CODE_SIGN_STYLE = Automatic;
				CURRENT_PROJECT_VERSION = 1;
				DEVELOPMENT_TEAM = K3WVRH5UCM;
				ENABLE_PREVIEWS = YES;
				GENERATE_INFOPLIST_FILE = YES;
				INFOPLIST_KEY_UIApplicationSceneManifest_Generation = YES;
				INFOPLIST_KEY_UIApplicationSupportsIndirectInputEvents = YES;
				INFOPLIST_KEY_UILaunchScreen_Generation = YES;
				INFOPLIST_KEY_UISupportedInterfaceOrientations_iPad = "UIInterfaceOrientationPortrait UIInterfaceOrientationPortraitUpsideDown UIInterfaceOrientationLandscapeLeft UIInterfaceOrientationLandscapeRight";
				INFOPLIST_KEY_UISupportedInterfaceOrientations_iPhone = "UIInterfaceOrientationPortrait UIInterfaceOrientationLandscapeLeft UIInterfaceOrientationLandscapeRight";
				IPHONEOS_DEPLOYMENT_TARGET = 15.4;
				LD_RUNPATH_SEARCH_PATHS = (
					"$(inherited)",
					"@executable_path/Frameworks",
				);
				MARKETING_VERSION = 1.0;
				PRODUCT_BUNDLE_IDENTIFIER = Tatiana.WordScramble;
				PRODUCT_NAME = WordScramble;
				SDKROOT = iphoneos;
				SWIFT_EMIT_LOC_STRINGS = YES;
				SWIFT_VERSION = 5.0;
				TARGETED_DEVICE_FAMILY = "1,2";
				VALIDATE_PRODUCT = YES;
			};
			name = Release;
		};
		411BC5F5283CE3E20096F205 /* Debug */ = {
			isa = XCBuildConfiguration;
			buildSettings = {
				ASSETCATALOG_COMPILER_APPICON_NAME = AppIcon;
				ASSETCATALOG_COMPILER_GLOBAL_ACCENT_COLOR_NAME = AccentColor;
				CODE_SIGN_ENTITLEMENTS = macOS/macOS.entitlements;
				CODE_SIGN_STYLE = Automatic;
				COMBINE_HIDPI_IMAGES = YES;
				CURRENT_PROJECT_VERSION = 1;
				DEVELOPMENT_TEAM = K3WVRH5UCM;
				ENABLE_HARDENED_RUNTIME = YES;
				ENABLE_PREVIEWS = YES;
				GENERATE_INFOPLIST_FILE = YES;
				INFOPLIST_KEY_NSHumanReadableCopyright = "";
				LD_RUNPATH_SEARCH_PATHS = (
					"$(inherited)",
					"@executable_path/../Frameworks",
				);
				MACOSX_DEPLOYMENT_TARGET = 12.0;
				MARKETING_VERSION = 1.0;
				PRODUCT_BUNDLE_IDENTIFIER = Tatiana.WordScramble;
				PRODUCT_NAME = WordScramble;
				SDKROOT = macosx;
				SWIFT_EMIT_LOC_STRINGS = YES;
				SWIFT_VERSION = 5.0;
			};
			name = Debug;
		};
		411BC5F6283CE3E20096F205 /* Release */ = {
			isa = XCBuildConfiguration;
			buildSettings = {
				ASSETCATALOG_COMPILER_APPICON_NAME = AppIcon;
				ASSETCATALOG_COMPILER_GLOBAL_ACCENT_COLOR_NAME = AccentColor;
				CODE_SIGN_ENTITLEMENTS = macOS/macOS.entitlements;
				CODE_SIGN_STYLE = Automatic;
				COMBINE_HIDPI_IMAGES = YES;
				CURRENT_PROJECT_VERSION = 1;
				DEVELOPMENT_TEAM = K3WVRH5UCM;
				ENABLE_HARDENED_RUNTIME = YES;
				ENABLE_PREVIEWS = YES;
				GENERATE_INFOPLIST_FILE = YES;
				INFOPLIST_KEY_NSHumanReadableCopyright = "";
				LD_RUNPATH_SEARCH_PATHS = (
					"$(inherited)",
					"@executable_path/../Frameworks",
				);
				MACOSX_DEPLOYMENT_TARGET = 12.0;
				MARKETING_VERSION = 1.0;
				PRODUCT_BUNDLE_IDENTIFIER = Tatiana.WordScramble;
				PRODUCT_NAME = WordScramble;
				SDKROOT = macosx;
				SWIFT_EMIT_LOC_STRINGS = YES;
				SWIFT_VERSION = 5.0;
			};
			name = Release;
		};
		411BC5F8283CE3E20096F205 /* Debug */ = {
			isa = XCBuildConfiguration;
			buildSettings = {
				ALWAYS_EMBED_SWIFT_STANDARD_LIBRARIES = YES;
				CODE_SIGN_STYLE = Automatic;
				CURRENT_PROJECT_VERSION = 1;
				DEVELOPMENT_TEAM = K3WVRH5UCM;
				GENERATE_INFOPLIST_FILE = YES;
				IPHONEOS_DEPLOYMENT_TARGET = 15.4;
				MARKETING_VERSION = 1.0;
				PRODUCT_BUNDLE_IDENTIFIER = "Tatiana.Tests-iOS";
				PRODUCT_NAME = "$(TARGET_NAME)";
				SDKROOT = iphoneos;
				SWIFT_EMIT_LOC_STRINGS = NO;
				SWIFT_VERSION = 5.0;
				TARGETED_DEVICE_FAMILY = "1,2";
				TEST_TARGET_NAME = "WordScramble (iOS)";
			};
			name = Debug;
		};
		411BC5F9283CE3E20096F205 /* Release */ = {
			isa = XCBuildConfiguration;
			buildSettings = {
				ALWAYS_EMBED_SWIFT_STANDARD_LIBRARIES = YES;
				CODE_SIGN_STYLE = Automatic;
				CURRENT_PROJECT_VERSION = 1;
				DEVELOPMENT_TEAM = K3WVRH5UCM;
				GENERATE_INFOPLIST_FILE = YES;
				IPHONEOS_DEPLOYMENT_TARGET = 15.4;
				MARKETING_VERSION = 1.0;
				PRODUCT_BUNDLE_IDENTIFIER = "Tatiana.Tests-iOS";
				PRODUCT_NAME = "$(TARGET_NAME)";
				SDKROOT = iphoneos;
				SWIFT_EMIT_LOC_STRINGS = NO;
				SWIFT_VERSION = 5.0;
				TARGETED_DEVICE_FAMILY = "1,2";
				TEST_TARGET_NAME = "WordScramble (iOS)";
				VALIDATE_PRODUCT = YES;
			};
			name = Release;
		};
		411BC5FB283CE3E20096F205 /* Debug */ = {
			isa = XCBuildConfiguration;
			buildSettings = {
				ALWAYS_EMBED_SWIFT_STANDARD_LIBRARIES = YES;
				CODE_SIGN_STYLE = Automatic;
				CURRENT_PROJECT_VERSION = 1;
				DEVELOPMENT_TEAM = K3WVRH5UCM;
				GENERATE_INFOPLIST_FILE = YES;
				MACOSX_DEPLOYMENT_TARGET = 12.0;
				MARKETING_VERSION = 1.0;
				PRODUCT_BUNDLE_IDENTIFIER = "Tatiana.Tests-macOS";
				PRODUCT_NAME = "$(TARGET_NAME)";
				SDKROOT = macosx;
				SWIFT_EMIT_LOC_STRINGS = NO;
				SWIFT_VERSION = 5.0;
				TEST_TARGET_NAME = "WordScramble (macOS)";
			};
			name = Debug;
		};
		411BC5FC283CE3E20096F205 /* Release */ = {
			isa = XCBuildConfiguration;
			buildSettings = {
				ALWAYS_EMBED_SWIFT_STANDARD_LIBRARIES = YES;
				CODE_SIGN_STYLE = Automatic;
				CURRENT_PROJECT_VERSION = 1;
				DEVELOPMENT_TEAM = K3WVRH5UCM;
				GENERATE_INFOPLIST_FILE = YES;
				MACOSX_DEPLOYMENT_TARGET = 12.0;
				MARKETING_VERSION = 1.0;
				PRODUCT_BUNDLE_IDENTIFIER = "Tatiana.Tests-macOS";
				PRODUCT_NAME = "$(TARGET_NAME)";
				SDKROOT = macosx;
				SWIFT_EMIT_LOC_STRINGS = NO;
				SWIFT_VERSION = 5.0;
				TEST_TARGET_NAME = "WordScramble (macOS)";
			};
			name = Release;
		};
/* End XCBuildConfiguration section */

/* Begin XCConfigurationList section */
		411BC5BF283CE3DF0096F205 /* Build configuration list for PBXProject "WordScramble" */ = {
			isa = XCConfigurationList;
			buildConfigurations = (
				411BC5EF283CE3E20096F205 /* Debug */,
				411BC5F0283CE3E20096F205 /* Release */,
			);
			defaultConfigurationIsVisible = 0;
			defaultConfigurationName = Release;
		};
		411BC5F1283CE3E20096F205 /* Build configuration list for PBXNativeTarget "WordScramble (iOS)" */ = {
			isa = XCConfigurationList;
			buildConfigurations = (
				411BC5F2283CE3E20096F205 /* Debug */,
				411BC5F3283CE3E20096F205 /* Release */,
			);
			defaultConfigurationIsVisible = 0;
			defaultConfigurationName = Release;
		};
		411BC5F4283CE3E20096F205 /* Build configuration list for PBXNativeTarget "WordScramble (macOS)" */ = {
			isa = XCConfigurationList;
			buildConfigurations = (
				411BC5F5283CE3E20096F205 /* Debug */,
				411BC5F6283CE3E20096F205 /* Release */,
			);
			defaultConfigurationIsVisible = 0;
			defaultConfigurationName = Release;
		};
		411BC5F7283CE3E20096F205 /* Build configuration list for PBXNativeTarget "Tests iOS" */ = {
			isa = XCConfigurationList;
			buildConfigurations = (
				411BC5F8283CE3E20096F205 /* Debug */,
				411BC5F9283CE3E20096F205 /* Release */,
			);
			defaultConfigurationIsVisible = 0;
			defaultConfigurationName = Release;
		};
		411BC5FA283CE3E20096F205 /* Build configuration list for PBXNativeTarget "Tests macOS" */ = {
			isa = XCConfigurationList;
			buildConfigurations = (
				411BC5FB283CE3E20096F205 /* Debug */,
				411BC5FC283CE3E20096F205 /* Release */,
			);
			defaultConfigurationIsVisible = 0;
			defaultConfigurationName = Release;
		};
/* End XCConfigurationList section */
	};
	rootObject = 411BC5BC283CE3DF0096F205 /* Project object */;
}
